// !$*UTF8*$!
{
	archiveVersion = 1;
	classes = {
	};
	objectVersion = 46;
	objects = {

/* Begin PBXBuildFile section */
		D05F35A0D7E84C13A1A0084C /* libPods.a in Frameworks */ = {isa = PBXBuildFile; fileRef = A527DB2D41774765B3A05CF5 /* libPods.a */; };
		D83DBD0918AB1DF9004E182A /* Foundation.framework in Frameworks */ = {isa = PBXBuildFile; fileRef = D83DBD0818AB1DF9004E182A /* Foundation.framework */; };
		D83DBD0B18AB1DF9004E182A /* CoreGraphics.framework in Frameworks */ = {isa = PBXBuildFile; fileRef = D83DBD0A18AB1DF9004E182A /* CoreGraphics.framework */; };
		D83DBD0D18AB1DF9004E182A /* UIKit.framework in Frameworks */ = {isa = PBXBuildFile; fileRef = D83DBD0C18AB1DF9004E182A /* UIKit.framework */; };
		D83DBD1318AB1DF9004E182A /* InfoPlist.strings in Resources */ = {isa = PBXBuildFile; fileRef = D83DBD1118AB1DF9004E182A /* InfoPlist.strings */; };
		D83DBD1518AB1DF9004E182A /* main.m in Sources */ = {isa = PBXBuildFile; fileRef = D83DBD1418AB1DF9004E182A /* main.m */; };
		D83DBD1918AB1DF9004E182A /* SLAppDelegate.m in Sources */ = {isa = PBXBuildFile; fileRef = D83DBD1818AB1DF9004E182A /* SLAppDelegate.m */; };
		D83DBD1C18AB1DF9004E182A /* Main.storyboard in Resources */ = {isa = PBXBuildFile; fileRef = D83DBD1A18AB1DF9004E182A /* Main.storyboard */; };
		D83DBD1F18AB1DF9004E182A /* SLViewController.m in Sources */ = {isa = PBXBuildFile; fileRef = D83DBD1E18AB1DF9004E182A /* SLViewController.m */; };
		D83DBD2118AB1DF9004E182A /* Images.xcassets in Resources */ = {isa = PBXBuildFile; fileRef = D83DBD2018AB1DF9004E182A /* Images.xcassets */; };
		D83DBD2818AB1DF9004E182A /* XCTest.framework in Frameworks */ = {isa = PBXBuildFile; fileRef = D83DBD2718AB1DF9004E182A /* XCTest.framework */; };
		D83DBD2918AB1DF9004E182A /* Foundation.framework in Frameworks */ = {isa = PBXBuildFile; fileRef = D83DBD0818AB1DF9004E182A /* Foundation.framework */; };
		D83DBD2A18AB1DF9004E182A /* UIKit.framework in Frameworks */ = {isa = PBXBuildFile; fileRef = D83DBD0C18AB1DF9004E182A /* UIKit.framework */; };
		D83DBD3218AB1DF9004E182A /* InfoPlist.strings in Resources */ = {isa = PBXBuildFile; fileRef = D83DBD3018AB1DF9004E182A /* InfoPlist.strings */; };
		D83DBD3418AB1DF9004E182A /* SingleWideTests.m in Sources */ = {isa = PBXBuildFile; fileRef = D83DBD3318AB1DF9004E182A /* SingleWideTests.m */; };
		D83DBD3F18AB37EA004E182A /* SLCheckInViewController.m in Sources */ = {isa = PBXBuildFile; fileRef = D83DBD3E18AB37EA004E182A /* SLCheckInViewController.m */; };
		D87978DA18AC79E60042FF70 /* MapKit.framework in Frameworks */ = {isa = PBXBuildFile; fileRef = D87978D918AC79E60042FF70 /* MapKit.framework */; };
		D87978DD18B037F30042FF70 /* SLSignInViewController.m in Sources */ = {isa = PBXBuildFile; fileRef = D87978DC18B037F30042FF70 /* SLSignInViewController.m */; };
		D87978E018B03B640042FF70 /* SLUserAuthenticator.m in Sources */ = {isa = PBXBuildFile; fileRef = D87978DF18B03B640042FF70 /* SLUserAuthenticator.m */; };
		D87978E418B03D640042FF70 /* SLCredentialStore.m in Sources */ = {isa = PBXBuildFile; fileRef = D87978E318B03D640042FF70 /* SLCredentialStore.m */; };
		D87978E718B03F250042FF70 /* SLDoubleWideAPIClient.m in Sources */ = {isa = PBXBuildFile; fileRef = D87978E618B03F250042FF70 /* SLDoubleWideAPIClient.m */; };
		D87978EB18B046FB0042FF70 /* SLAccountCreationViewController.m in Sources */ = {isa = PBXBuildFile; fileRef = D87978EA18B046FB0042FF70 /* SLAccountCreationViewController.m */; };
		D87978EE18B047960042FF70 /* SLAccountCreator.m in Sources */ = {isa = PBXBuildFile; fileRef = D87978ED18B047960042FF70 /* SLAccountCreator.m */; };
		D87978F818B05A8D0042FF70 /* SLTableViewDataSource.m in Sources */ = {isa = PBXBuildFile; fileRef = D87978F718B05A8D0042FF70 /* SLTableViewDataSource.m */; };
		D87978FC18B05D5D0042FF70 /* Venue.m in Sources */ = {isa = PBXBuildFile; fileRef = D87978FB18B05D5D0042FF70 /* Venue.m */; };
		D87978FF18B0602A0042FF70 /* CheckIn.m in Sources */ = {isa = PBXBuildFile; fileRef = D87978FE18B0602A0042FF70 /* CheckIn.m */; };
		D879790218B060520042FF70 /* User.m in Sources */ = {isa = PBXBuildFile; fileRef = D879790118B060520042FF70 /* User.m */; };
		D8B1704318B306E400BFC8CE /* SLVenueViewController.m in Sources */ = {isa = PBXBuildFile; fileRef = D8B1704218B306E400BFC8CE /* SLVenueViewController.m */; };
		D8D6820418B30E0D00D2CF1E /* SingleWide.xcdatamodeld in Sources */ = {isa = PBXBuildFile; fileRef = D8D6820218B30E0D00D2CF1E /* SingleWide.xcdatamodeld */; };
		D8D6820718B30ECE00D2CF1E /* SLPersistenceStack.m in Sources */ = {isa = PBXBuildFile; fileRef = D8D6820618B30ECE00D2CF1E /* SLPersistenceStack.m */; };
/* End PBXBuildFile section */

/* Begin PBXContainerItemProxy section */
		D83DBD2B18AB1DF9004E182A /* PBXContainerItemProxy */ = {
			isa = PBXContainerItemProxy;
			containerPortal = D83DBCFD18AB1DF9004E182A /* Project object */;
			proxyType = 1;
			remoteGlobalIDString = D83DBD0418AB1DF9004E182A;
			remoteInfo = SingleWide;
		};
/* End PBXContainerItemProxy section */

/* Begin PBXFileReference section */
		7B4B4424E3D643DB9A420A43 /* Pods.xcconfig */ = {isa = PBXFileReference; includeInIndex = 1; lastKnownFileType = text.xcconfig; name = Pods.xcconfig; path = Pods/Pods.xcconfig; sourceTree = "<group>"; };
		A527DB2D41774765B3A05CF5 /* libPods.a */ = {isa = PBXFileReference; explicitFileType = archive.ar; includeInIndex = 0; path = libPods.a; sourceTree = BUILT_PRODUCTS_DIR; };
		D83DBD0518AB1DF9004E182A /* SingleWide.app */ = {isa = PBXFileReference; explicitFileType = wrapper.application; includeInIndex = 0; path = SingleWide.app; sourceTree = BUILT_PRODUCTS_DIR; };
		D83DBD0818AB1DF9004E182A /* Foundation.framework */ = {isa = PBXFileReference; lastKnownFileType = wrapper.framework; name = Foundation.framework; path = System/Library/Frameworks/Foundation.framework; sourceTree = SDKROOT; };
		D83DBD0A18AB1DF9004E182A /* CoreGraphics.framework */ = {isa = PBXFileReference; lastKnownFileType = wrapper.framework; name = CoreGraphics.framework; path = System/Library/Frameworks/CoreGraphics.framework; sourceTree = SDKROOT; };
		D83DBD0C18AB1DF9004E182A /* UIKit.framework */ = {isa = PBXFileReference; lastKnownFileType = wrapper.framework; name = UIKit.framework; path = System/Library/Frameworks/UIKit.framework; sourceTree = SDKROOT; };
		D83DBD1018AB1DF9004E182A /* SingleWide-Info.plist */ = {isa = PBXFileReference; lastKnownFileType = text.plist.xml; path = "SingleWide-Info.plist"; sourceTree = "<group>"; };
		D83DBD1218AB1DF9004E182A /* en */ = {isa = PBXFileReference; lastKnownFileType = text.plist.strings; name = en; path = en.lproj/InfoPlist.strings; sourceTree = "<group>"; };
		D83DBD1418AB1DF9004E182A /* main.m */ = {isa = PBXFileReference; lastKnownFileType = sourcecode.c.objc; path = main.m; sourceTree = "<group>"; };
		D83DBD1618AB1DF9004E182A /* SingleWide-Prefix.pch */ = {isa = PBXFileReference; lastKnownFileType = sourcecode.c.h; path = "SingleWide-Prefix.pch"; sourceTree = "<group>"; };
		D83DBD1718AB1DF9004E182A /* SLAppDelegate.h */ = {isa = PBXFileReference; lastKnownFileType = sourcecode.c.h; path = SLAppDelegate.h; sourceTree = "<group>"; };
		D83DBD1818AB1DF9004E182A /* SLAppDelegate.m */ = {isa = PBXFileReference; lastKnownFileType = sourcecode.c.objc; path = SLAppDelegate.m; sourceTree = "<group>"; };
		D83DBD1B18AB1DF9004E182A /* Base */ = {isa = PBXFileReference; lastKnownFileType = file.storyboard; name = Base; path = Base.lproj/Main.storyboard; sourceTree = "<group>"; };
		D83DBD1D18AB1DF9004E182A /* SLViewController.h */ = {isa = PBXFileReference; lastKnownFileType = sourcecode.c.h; path = SLViewController.h; sourceTree = "<group>"; };
		D83DBD1E18AB1DF9004E182A /* SLViewController.m */ = {isa = PBXFileReference; lastKnownFileType = sourcecode.c.objc; path = SLViewController.m; sourceTree = "<group>"; };
		D83DBD2018AB1DF9004E182A /* Images.xcassets */ = {isa = PBXFileReference; lastKnownFileType = folder.assetcatalog; path = Images.xcassets; sourceTree = "<group>"; };
		D83DBD2618AB1DF9004E182A /* SingleWideTests.xctest */ = {isa = PBXFileReference; explicitFileType = wrapper.cfbundle; includeInIndex = 0; path = SingleWideTests.xctest; sourceTree = BUILT_PRODUCTS_DIR; };
		D83DBD2718AB1DF9004E182A /* XCTest.framework */ = {isa = PBXFileReference; lastKnownFileType = wrapper.framework; name = XCTest.framework; path = Library/Frameworks/XCTest.framework; sourceTree = DEVELOPER_DIR; };
		D83DBD2F18AB1DF9004E182A /* SingleWideTests-Info.plist */ = {isa = PBXFileReference; lastKnownFileType = text.plist.xml; path = "SingleWideTests-Info.plist"; sourceTree = "<group>"; };
		D83DBD3118AB1DF9004E182A /* en */ = {isa = PBXFileReference; lastKnownFileType = text.plist.strings; name = en; path = en.lproj/InfoPlist.strings; sourceTree = "<group>"; };
		D83DBD3318AB1DF9004E182A /* SingleWideTests.m */ = {isa = PBXFileReference; lastKnownFileType = sourcecode.c.objc; path = SingleWideTests.m; sourceTree = "<group>"; };
		D83DBD3D18AB37EA004E182A /* SLCheckInViewController.h */ = {isa = PBXFileReference; fileEncoding = 4; lastKnownFileType = sourcecode.c.h; path = SLCheckInViewController.h; sourceTree = "<group>"; };
		D83DBD3E18AB37EA004E182A /* SLCheckInViewController.m */ = {isa = PBXFileReference; fileEncoding = 4; lastKnownFileType = sourcecode.c.objc; path = SLCheckInViewController.m; sourceTree = "<group>"; };
		D87978D918AC79E60042FF70 /* MapKit.framework */ = {isa = PBXFileReference; lastKnownFileType = wrapper.framework; name = MapKit.framework; path = System/Library/Frameworks/MapKit.framework; sourceTree = SDKROOT; };
		D87978DB18B037F30042FF70 /* SLSignInViewController.h */ = {isa = PBXFileReference; fileEncoding = 4; lastKnownFileType = sourcecode.c.h; path = SLSignInViewController.h; sourceTree = "<group>"; };
		D87978DC18B037F30042FF70 /* SLSignInViewController.m */ = {isa = PBXFileReference; fileEncoding = 4; lastKnownFileType = sourcecode.c.objc; path = SLSignInViewController.m; sourceTree = "<group>"; };
		D87978DE18B03B640042FF70 /* SLUserAuthenticator.h */ = {isa = PBXFileReference; fileEncoding = 4; lastKnownFileType = sourcecode.c.h; path = SLUserAuthenticator.h; sourceTree = "<group>"; };
		D87978DF18B03B640042FF70 /* SLUserAuthenticator.m */ = {isa = PBXFileReference; fileEncoding = 4; lastKnownFileType = sourcecode.c.objc; path = SLUserAuthenticator.m; sourceTree = "<group>"; };
		D87978E218B03D640042FF70 /* SLCredentialStore.h */ = {isa = PBXFileReference; fileEncoding = 4; lastKnownFileType = sourcecode.c.h; path = SLCredentialStore.h; sourceTree = "<group>"; };
		D87978E318B03D640042FF70 /* SLCredentialStore.m */ = {isa = PBXFileReference; fileEncoding = 4; lastKnownFileType = sourcecode.c.objc; path = SLCredentialStore.m; sourceTree = "<group>"; };
		D87978E518B03F250042FF70 /* SLDoubleWideAPIClient.h */ = {isa = PBXFileReference; fileEncoding = 4; lastKnownFileType = sourcecode.c.h; path = SLDoubleWideAPIClient.h; sourceTree = "<group>"; };
		D87978E618B03F250042FF70 /* SLDoubleWideAPIClient.m */ = {isa = PBXFileReference; fileEncoding = 4; lastKnownFileType = sourcecode.c.objc; path = SLDoubleWideAPIClient.m; sourceTree = "<group>"; };
		D87978E918B046FB0042FF70 /* SLAccountCreationViewController.h */ = {isa = PBXFileReference; fileEncoding = 4; lastKnownFileType = sourcecode.c.h; path = SLAccountCreationViewController.h; sourceTree = "<group>"; };
		D87978EA18B046FB0042FF70 /* SLAccountCreationViewController.m */ = {isa = PBXFileReference; fileEncoding = 4; lastKnownFileType = sourcecode.c.objc; path = SLAccountCreationViewController.m; sourceTree = "<group>"; };
		D87978EC18B047960042FF70 /* SLAccountCreator.h */ = {isa = PBXFileReference; fileEncoding = 4; lastKnownFileType = sourcecode.c.h; path = SLAccountCreator.h; sourceTree = "<group>"; };
		D87978ED18B047960042FF70 /* SLAccountCreator.m */ = {isa = PBXFileReference; fileEncoding = 4; lastKnownFileType = sourcecode.c.objc; path = SLAccountCreator.m; sourceTree = "<group>"; };
		D87978F618B05A8D0042FF70 /* SLTableViewDataSource.h */ = {isa = PBXFileReference; fileEncoding = 4; lastKnownFileType = sourcecode.c.h; path = SLTableViewDataSource.h; sourceTree = "<group>"; };
		D87978F718B05A8D0042FF70 /* SLTableViewDataSource.m */ = {isa = PBXFileReference; fileEncoding = 4; lastKnownFileType = sourcecode.c.objc; path = SLTableViewDataSource.m; sourceTree = "<group>"; };
		D87978FA18B05D5D0042FF70 /* Venue.h */ = {isa = PBXFileReference; fileEncoding = 4; lastKnownFileType = sourcecode.c.h; path = Venue.h; sourceTree = "<group>"; };
		D87978FB18B05D5D0042FF70 /* Venue.m */ = {isa = PBXFileReference; fileEncoding = 4; lastKnownFileType = sourcecode.c.objc; path = Venue.m; sourceTree = "<group>"; };
		D87978FD18B0602A0042FF70 /* CheckIn.h */ = {isa = PBXFileReference; fileEncoding = 4; lastKnownFileType = sourcecode.c.h; path = CheckIn.h; sourceTree = "<group>"; };
		D87978FE18B0602A0042FF70 /* CheckIn.m */ = {isa = PBXFileReference; fileEncoding = 4; lastKnownFileType = sourcecode.c.objc; path = CheckIn.m; sourceTree = "<group>"; };
		D879790018B060520042FF70 /* User.h */ = {isa = PBXFileReference; fileEncoding = 4; lastKnownFileType = sourcecode.c.h; path = User.h; sourceTree = "<group>"; };
		D879790118B060520042FF70 /* User.m */ = {isa = PBXFileReference; fileEncoding = 4; lastKnownFileType = sourcecode.c.objc; path = User.m; sourceTree = "<group>"; };
		D8B1704118B306E400BFC8CE /* SLVenueViewController.h */ = {isa = PBXFileReference; fileEncoding = 4; lastKnownFileType = sourcecode.c.h; path = SLVenueViewController.h; sourceTree = "<group>"; };
		D8B1704218B306E400BFC8CE /* SLVenueViewController.m */ = {isa = PBXFileReference; fileEncoding = 4; lastKnownFileType = sourcecode.c.objc; path = SLVenueViewController.m; sourceTree = "<group>"; };
		D8D6820318B30E0D00D2CF1E /* SingleWide.xcdatamodel */ = {isa = PBXFileReference; lastKnownFileType = wrapper.xcdatamodel; path = SingleWide.xcdatamodel; sourceTree = "<group>"; };
		D8D6820518B30ECE00D2CF1E /* SLPersistenceStack.h */ = {isa = PBXFileReference; fileEncoding = 4; lastKnownFileType = sourcecode.c.h; path = SLPersistenceStack.h; sourceTree = "<group>"; };
		D8D6820618B30ECE00D2CF1E /* SLPersistenceStack.m */ = {isa = PBXFileReference; fileEncoding = 4; lastKnownFileType = sourcecode.c.objc; path = SLPersistenceStack.m; sourceTree = "<group>"; };
/* End PBXFileReference section */

/* Begin PBXFrameworksBuildPhase section */
		D83DBD0218AB1DF9004E182A /* Frameworks */ = {
			isa = PBXFrameworksBuildPhase;
			buildActionMask = 2147483647;
			files = (
				D87978DA18AC79E60042FF70 /* MapKit.framework in Frameworks */,
				D83DBD0B18AB1DF9004E182A /* CoreGraphics.framework in Frameworks */,
				D83DBD0D18AB1DF9004E182A /* UIKit.framework in Frameworks */,
				D83DBD0918AB1DF9004E182A /* Foundation.framework in Frameworks */,
				D05F35A0D7E84C13A1A0084C /* libPods.a in Frameworks */,
			);
			runOnlyForDeploymentPostprocessing = 0;
		};
		D83DBD2318AB1DF9004E182A /* Frameworks */ = {
			isa = PBXFrameworksBuildPhase;
			buildActionMask = 2147483647;
			files = (
				D83DBD2818AB1DF9004E182A /* XCTest.framework in Frameworks */,
				D83DBD2A18AB1DF9004E182A /* UIKit.framework in Frameworks */,
				D83DBD2918AB1DF9004E182A /* Foundation.framework in Frameworks */,
			);
			runOnlyForDeploymentPostprocessing = 0;
		};
/* End PBXFrameworksBuildPhase section */

/* Begin PBXGroup section */
		D83DBCFC18AB1DF9004E182A = {
			isa = PBXGroup;
			children = (
				D83DBD0E18AB1DF9004E182A /* SingleWide */,
				D83DBD2D18AB1DF9004E182A /* SingleWideTests */,
				D83DBD0718AB1DF9004E182A /* Frameworks */,
				D83DBD0618AB1DF9004E182A /* Products */,
				7B4B4424E3D643DB9A420A43 /* Pods.xcconfig */,
			);
			sourceTree = "<group>";
		};
		D83DBD0618AB1DF9004E182A /* Products */ = {
			isa = PBXGroup;
			children = (
				D83DBD0518AB1DF9004E182A /* SingleWide.app */,
				D83DBD2618AB1DF9004E182A /* SingleWideTests.xctest */,
			);
			name = Products;
			sourceTree = "<group>";
		};
		D83DBD0718AB1DF9004E182A /* Frameworks */ = {
			isa = PBXGroup;
			children = (
				D87978D918AC79E60042FF70 /* MapKit.framework */,
				D83DBD0818AB1DF9004E182A /* Foundation.framework */,
				D83DBD0A18AB1DF9004E182A /* CoreGraphics.framework */,
				D83DBD0C18AB1DF9004E182A /* UIKit.framework */,
				D83DBD2718AB1DF9004E182A /* XCTest.framework */,
				A527DB2D41774765B3A05CF5 /* libPods.a */,
			);
			name = Frameworks;
			sourceTree = "<group>";
		};
		D83DBD0E18AB1DF9004E182A /* SingleWide */ = {
			isa = PBXGroup;
			children = (
				D87978E118B03D570042FF70 /* Classes */,
				D83DBD4018AB37F3004E182A /* Controllers */,
				D87978F918B05D520042FF70 /* Model */,
				D8B1704018B1EEB500BFC8CE /* Support */,
				D83DBD0F18AB1DF9004E182A /* Supporting Files */,
				D87978F218B05A330042FF70 /* Views */,
			);
			path = SingleWide;
			sourceTree = "<group>";
		};
		D83DBD0F18AB1DF9004E182A /* Supporting Files */ = {
			isa = PBXGroup;
			children = (
				D83DBD2018AB1DF9004E182A /* Images.xcassets */,
				D83DBD1118AB1DF9004E182A /* InfoPlist.strings */,
				D83DBD1418AB1DF9004E182A /* main.m */,
				D83DBD1018AB1DF9004E182A /* SingleWide-Info.plist */,
				D83DBD1618AB1DF9004E182A /* SingleWide-Prefix.pch */,
			);
			name = "Supporting Files";
			sourceTree = "<group>";
		};
		D83DBD2D18AB1DF9004E182A /* SingleWideTests */ = {
			isa = PBXGroup;
			children = (
				D83DBD3318AB1DF9004E182A /* SingleWideTests.m */,
				D83DBD2E18AB1DF9004E182A /* Supporting Files */,
			);
			path = SingleWideTests;
			sourceTree = "<group>";
		};
		D83DBD2E18AB1DF9004E182A /* Supporting Files */ = {
			isa = PBXGroup;
			children = (
				D83DBD2F18AB1DF9004E182A /* SingleWideTests-Info.plist */,
				D83DBD3018AB1DF9004E182A /* InfoPlist.strings */,
			);
			name = "Supporting Files";
			sourceTree = "<group>";
		};
		D83DBD4018AB37F3004E182A /* Controllers */ = {
			isa = PBXGroup;
			children = (
				D83DBD1A18AB1DF9004E182A /* Main.storyboard */,
				D87978E918B046FB0042FF70 /* SLAccountCreationViewController.h */,
				D87978EA18B046FB0042FF70 /* SLAccountCreationViewController.m */,
				D8B1704118B306E400BFC8CE /* SLVenueViewController.h */,
				D8B1704218B306E400BFC8CE /* SLVenueViewController.m */,
				D83DBD3D18AB37EA004E182A /* SLCheckInViewController.h */,
				D83DBD3E18AB37EA004E182A /* SLCheckInViewController.m */,
				D8D6820518B30ECE00D2CF1E /* SLPersistenceStack.h */,
				D8D6820618B30ECE00D2CF1E /* SLPersistenceStack.m */,
				D87978DB18B037F30042FF70 /* SLSignInViewController.h */,
				D87978DC18B037F30042FF70 /* SLSignInViewController.m */,
				D83DBD1D18AB1DF9004E182A /* SLViewController.h */,
				D83DBD1E18AB1DF9004E182A /* SLViewController.m */,
			);
			name = Controllers;
			sourceTree = "<group>";
		};
		D87978E118B03D570042FF70 /* Classes */ = {
			isa = PBXGroup;
			children = (
				D83DBD1718AB1DF9004E182A /* SLAppDelegate.h */,
				D83DBD1818AB1DF9004E182A /* SLAppDelegate.m */,
				D87978F618B05A8D0042FF70 /* SLTableViewDataSource.h */,
				D87978F718B05A8D0042FF70 /* SLTableViewDataSource.m */,
			);
			name = Classes;
			sourceTree = "<group>";
		};
		D87978E818B041300042FF70 /* ServerAPI */ = {
			isa = PBXGroup;
			children = (
				D87978EC18B047960042FF70 /* SLAccountCreator.h */,
				D87978ED18B047960042FF70 /* SLAccountCreator.m */,
				D87978DE18B03B640042FF70 /* SLUserAuthenticator.h */,
				D87978DF18B03B640042FF70 /* SLUserAuthenticator.m */,
				D87978E218B03D640042FF70 /* SLCredentialStore.h */,
				D87978E318B03D640042FF70 /* SLCredentialStore.m */,
			);
			name = ServerAPI;
			sourceTree = "<group>";
		};
		D87978F218B05A330042FF70 /* Views */ = {
			isa = PBXGroup;
			children = (
			);
			name = Views;
			sourceTree = "<group>";
		};
		D87978F918B05D520042FF70 /* Model */ = {
			isa = PBXGroup;
			children = (
				D87978FD18B0602A0042FF70 /* CheckIn.h */,
				D87978FE18B0602A0042FF70 /* CheckIn.m */,
				D8D6820218B30E0D00D2CF1E /* SingleWide.xcdatamodeld */,
				D879790018B060520042FF70 /* User.h */,
				D879790118B060520042FF70 /* User.m */,
				D87978FA18B05D5D0042FF70 /* Venue.h */,
				D87978FB18B05D5D0042FF70 /* Venue.m */,
			);
			name = Model;
			sourceTree = "<group>";
		};
		D8B1704018B1EEB500BFC8CE /* Support */ = {
			isa = PBXGroup;
			children = (
				D87978E518B03F250042FF70 /* SLDoubleWideAPIClient.h */,
				D87978E618B03F250042FF70 /* SLDoubleWideAPIClient.m */,
				D87978E818B041300042FF70 /* ServerAPI */,
			);
			name = Support;
			sourceTree = "<group>";
		};
/* End PBXGroup section */

/* Begin PBXNativeTarget section */
		D83DBD0418AB1DF9004E182A /* SingleWide */ = {
			isa = PBXNativeTarget;
			buildConfigurationList = D83DBD3718AB1DF9004E182A /* Build configuration list for PBXNativeTarget "SingleWide" */;
			buildPhases = (
				C992AACB0C074A30AC27AD89 /* Check Pods Manifest.lock */,
				D83DBD0118AB1DF9004E182A /* Sources */,
				D83DBD0218AB1DF9004E182A /* Frameworks */,
				D83DBD0318AB1DF9004E182A /* Resources */,
				A48230D925F74946B18201BA /* Copy Pods Resources */,
			);
			buildRules = (
			);
			dependencies = (
			);
			name = SingleWide;
			productName = SingleWide;
			productReference = D83DBD0518AB1DF9004E182A /* SingleWide.app */;
			productType = "com.apple.product-type.application";
		};
		D83DBD2518AB1DF9004E182A /* SingleWideTests */ = {
			isa = PBXNativeTarget;
			buildConfigurationList = D83DBD3A18AB1DF9004E182A /* Build configuration list for PBXNativeTarget "SingleWideTests" */;
			buildPhases = (
				D83DBD2218AB1DF9004E182A /* Sources */,
				D83DBD2318AB1DF9004E182A /* Frameworks */,
				D83DBD2418AB1DF9004E182A /* Resources */,
			);
			buildRules = (
			);
			dependencies = (
				D83DBD2C18AB1DF9004E182A /* PBXTargetDependency */,
			);
			name = SingleWideTests;
			productName = SingleWideTests;
			productReference = D83DBD2618AB1DF9004E182A /* SingleWideTests.xctest */;
			productType = "com.apple.product-type.bundle.unit-test";
		};
/* End PBXNativeTarget section */

/* Begin PBXProject section */
		D83DBCFD18AB1DF9004E182A /* Project object */ = {
			isa = PBXProject;
			attributes = {
				CLASSPREFIX = SL;
				LastUpgradeCheck = 0500;
				ORGANIZATIONNAME = "Summer League";
				TargetAttributes = {
					D83DBD2518AB1DF9004E182A = {
						TestTargetID = D83DBD0418AB1DF9004E182A;
					};
				};
			};
			buildConfigurationList = D83DBD0018AB1DF9004E182A /* Build configuration list for PBXProject "SingleWide" */;
			compatibilityVersion = "Xcode 3.2";
			developmentRegion = English;
			hasScannedForEncodings = 0;
			knownRegions = (
				en,
				Base,
			);
			mainGroup = D83DBCFC18AB1DF9004E182A;
			productRefGroup = D83DBD0618AB1DF9004E182A /* Products */;
			projectDirPath = "";
			projectRoot = "";
			targets = (
				D83DBD0418AB1DF9004E182A /* SingleWide */,
				D83DBD2518AB1DF9004E182A /* SingleWideTests */,
			);
		};
/* End PBXProject section */

/* Begin PBXResourcesBuildPhase section */
		D83DBD0318AB1DF9004E182A /* Resources */ = {
			isa = PBXResourcesBuildPhase;
			buildActionMask = 2147483647;
			files = (
				D83DBD2118AB1DF9004E182A /* Images.xcassets in Resources */,
				D83DBD1318AB1DF9004E182A /* InfoPlist.strings in Resources */,
				D83DBD1C18AB1DF9004E182A /* Main.storyboard in Resources */,
			);
			runOnlyForDeploymentPostprocessing = 0;
		};
		D83DBD2418AB1DF9004E182A /* Resources */ = {
			isa = PBXResourcesBuildPhase;
			buildActionMask = 2147483647;
			files = (
				D83DBD3218AB1DF9004E182A /* InfoPlist.strings in Resources */,
			);
			runOnlyForDeploymentPostprocessing = 0;
		};
/* End PBXResourcesBuildPhase section */

/* Begin PBXShellScriptBuildPhase section */
		A48230D925F74946B18201BA /* Copy Pods Resources */ = {
			isa = PBXShellScriptBuildPhase;
			buildActionMask = 2147483647;
			files = (
			);
			inputPaths = (
			);
			name = "Copy Pods Resources";
			outputPaths = (
			);
			runOnlyForDeploymentPostprocessing = 0;
			shellPath = /bin/sh;
			shellScript = "\"${SRCROOT}/Pods/Pods-resources.sh\"\n";
			showEnvVarsInLog = 0;
		};
		C992AACB0C074A30AC27AD89 /* Check Pods Manifest.lock */ = {
			isa = PBXShellScriptBuildPhase;
			buildActionMask = 2147483647;
			files = (
			);
			inputPaths = (
			);
			name = "Check Pods Manifest.lock";
			outputPaths = (
			);
			runOnlyForDeploymentPostprocessing = 0;
			shellPath = /bin/sh;
			shellScript = "diff \"${PODS_ROOT}/../Podfile.lock\" \"${PODS_ROOT}/Manifest.lock\" > /dev/null\nif [[ $? != 0 ]] ; then\n    cat << EOM\nerror: The sandbox is not in sync with the Podfile.lock. Run 'pod install' or update your CocoaPods installation.\nEOM\n    exit 1\nfi\n";
			showEnvVarsInLog = 0;
		};
/* End PBXShellScriptBuildPhase section */

/* Begin PBXSourcesBuildPhase section */
		D83DBD0118AB1DF9004E182A /* Sources */ = {
			isa = PBXSourcesBuildPhase;
			buildActionMask = 2147483647;
			files = (
				D87978FC18B05D5D0042FF70 /* Venue.m in Sources */,
				D83DBD3F18AB37EA004E182A /* SLCheckInViewController.m in Sources */,
				D87978E418B03D640042FF70 /* SLCredentialStore.m in Sources */,
				D87978F818B05A8D0042FF70 /* SLTableViewDataSource.m in Sources */,
				D879790218B060520042FF70 /* User.m in Sources */,
				D87978E018B03B640042FF70 /* SLUserAuthenticator.m in Sources */,
				D87978EB18B046FB0042FF70 /* SLAccountCreationViewController.m in Sources */,
				D8D6820718B30ECE00D2CF1E /* SLPersistenceStack.m in Sources */,
				D83DBD1518AB1DF9004E182A /* main.m in Sources */,
				D87978EE18B047960042FF70 /* SLAccountCreator.m in Sources */,
				D87978DD18B037F30042FF70 /* SLSignInViewController.m in Sources */,
				D8D6820418B30E0D00D2CF1E /* SingleWide.xcdatamodeld in Sources */,
				D83DBD1F18AB1DF9004E182A /* SLViewController.m in Sources */,
				D87978E718B03F250042FF70 /* SLDoubleWideAPIClient.m in Sources */,
				D83DBD1918AB1DF9004E182A /* SLAppDelegate.m in Sources */,
				D8B1704318B306E400BFC8CE /* SLVenueViewController.m in Sources */,
				D87978FF18B0602A0042FF70 /* CheckIn.m in Sources */,
			);
			runOnlyForDeploymentPostprocessing = 0;
		};
		D83DBD2218AB1DF9004E182A /* Sources */ = {
			isa = PBXSourcesBuildPhase;
			buildActionMask = 2147483647;
			files = (
				D83DBD3418AB1DF9004E182A /* SingleWideTests.m in Sources */,
			);
			runOnlyForDeploymentPostprocessing = 0;
		};
/* End PBXSourcesBuildPhase section */

/* Begin PBXTargetDependency section */
		D83DBD2C18AB1DF9004E182A /* PBXTargetDependency */ = {
			isa = PBXTargetDependency;
			target = D83DBD0418AB1DF9004E182A /* SingleWide */;
			targetProxy = D83DBD2B18AB1DF9004E182A /* PBXContainerItemProxy */;
		};
/* End PBXTargetDependency section */

/* Begin PBXVariantGroup section */
		D83DBD1118AB1DF9004E182A /* InfoPlist.strings */ = {
			isa = PBXVariantGroup;
			children = (
				D83DBD1218AB1DF9004E182A /* en */,
			);
			name = InfoPlist.strings;
			sourceTree = "<group>";
		};
		D83DBD1A18AB1DF9004E182A /* Main.storyboard */ = {
			isa = PBXVariantGroup;
			children = (
				D83DBD1B18AB1DF9004E182A /* Base */,
			);
			name = Main.storyboard;
			sourceTree = "<group>";
		};
		D83DBD3018AB1DF9004E182A /* InfoPlist.strings */ = {
			isa = PBXVariantGroup;
			children = (
				D83DBD3118AB1DF9004E182A /* en */,
			);
			name = InfoPlist.strings;
			sourceTree = "<group>";
		};
/* End PBXVariantGroup section */

/* Begin XCBuildConfiguration section */
		D83DBD3518AB1DF9004E182A /* Debug */ = {
			isa = XCBuildConfiguration;
			buildSettings = {
				ALWAYS_SEARCH_USER_PATHS = NO;
				ARCHS = "$(ARCHS_STANDARD_INCLUDING_64_BIT)";
				CLANG_CXX_LANGUAGE_STANDARD = "gnu++0x";
				CLANG_CXX_LIBRARY = "libc++";
				CLANG_ENABLE_MODULES = YES;
				CLANG_ENABLE_OBJC_ARC = YES;
				CLANG_WARN_BOOL_CONVERSION = YES;
				CLANG_WARN_CONSTANT_CONVERSION = YES;
				CLANG_WARN_DIRECT_OBJC_ISA_USAGE = YES_ERROR;
				CLANG_WARN_EMPTY_BODY = YES;
				CLANG_WARN_ENUM_CONVERSION = YES;
				CLANG_WARN_INT_CONVERSION = YES;
				CLANG_WARN_OBJC_ROOT_CLASS = YES_ERROR;
				CLANG_WARN__DUPLICATE_METHOD_MATCH = YES;
				"CODE_SIGN_IDENTITY[sdk=iphoneos*]" = "iPhone Developer";
				COPY_PHASE_STRIP = NO;
				GCC_C_LANGUAGE_STANDARD = gnu99;
				GCC_DYNAMIC_NO_PIC = NO;
				GCC_OPTIMIZATION_LEVEL = 0;
				GCC_PREPROCESSOR_DEFINITIONS = (
					"DEBUG=1",
					"$(inherited)",
				);
				GCC_SYMBOLS_PRIVATE_EXTERN = NO;
				GCC_WARN_64_TO_32_BIT_CONVERSION = YES;
				GCC_WARN_ABOUT_RETURN_TYPE = YES_ERROR;
				GCC_WARN_UNDECLARED_SELECTOR = YES;
				GCC_WARN_UNINITIALIZED_AUTOS = YES;
				GCC_WARN_UNUSED_FUNCTION = YES;
				GCC_WARN_UNUSED_VARIABLE = YES;
				IPHONEOS_DEPLOYMENT_TARGET = 7.0;
				ONLY_ACTIVE_ARCH = YES;
				SDKROOT = iphoneos;
			};
			name = Debug;
		};
		D83DBD3618AB1DF9004E182A /* Release */ = {
			isa = XCBuildConfiguration;
			buildSettings = {
				ALWAYS_SEARCH_USER_PATHS = NO;
				ARCHS = "$(ARCHS_STANDARD_INCLUDING_64_BIT)";
				CLANG_CXX_LANGUAGE_STANDARD = "gnu++0x";
				CLANG_CXX_LIBRARY = "libc++";
				CLANG_ENABLE_MODULES = YES;
				CLANG_ENABLE_OBJC_ARC = YES;
				CLANG_WARN_BOOL_CONVERSION = YES;
				CLANG_WARN_CONSTANT_CONVERSION = YES;
				CLANG_WARN_DIRECT_OBJC_ISA_USAGE = YES_ERROR;
				CLANG_WARN_EMPTY_BODY = YES;
				CLANG_WARN_ENUM_CONVERSION = YES;
				CLANG_WARN_INT_CONVERSION = YES;
				CLANG_WARN_OBJC_ROOT_CLASS = YES_ERROR;
				CLANG_WARN__DUPLICATE_METHOD_MATCH = YES;
				"CODE_SIGN_IDENTITY[sdk=iphoneos*]" = "iPhone Developer";
				COPY_PHASE_STRIP = YES;
				ENABLE_NS_ASSERTIONS = NO;
				GCC_C_LANGUAGE_STANDARD = gnu99;
				GCC_WARN_64_TO_32_BIT_CONVERSION = YES;
				GCC_WARN_ABOUT_RETURN_TYPE = YES_ERROR;
				GCC_WARN_UNDECLARED_SELECTOR = YES;
				GCC_WARN_UNINITIALIZED_AUTOS = YES;
				GCC_WARN_UNUSED_FUNCTION = YES;
				GCC_WARN_UNUSED_VARIABLE = YES;
				IPHONEOS_DEPLOYMENT_TARGET = 7.0;
				SDKROOT = iphoneos;
				VALIDATE_PRODUCT = YES;
			};
			name = Release;
		};
		D83DBD3818AB1DF9004E182A /* Debug */ = {
			isa = XCBuildConfiguration;
			baseConfigurationReference = 7B4B4424E3D643DB9A420A43 /* Pods.xcconfig */;
			buildSettings = {
				ASSETCATALOG_COMPILER_APPICON_NAME = AppIcon;
				ASSETCATALOG_COMPILER_LAUNCHIMAGE_NAME = LaunchImage;
				GCC_PRECOMPILE_PREFIX_HEADER = YES;
				GCC_PREFIX_HEADER = "SingleWide/SingleWide-Prefix.pch";
				INFOPLIST_FILE = "SingleWide/SingleWide-Info.plist";
				PRODUCT_NAME = "$(TARGET_NAME)";
				WRAPPER_EXTENSION = app;
			};
			name = Debug;
		};
		D83DBD3918AB1DF9004E182A /* Release */ = {
			isa = XCBuildConfiguration;
			baseConfigurationReference = 7B4B4424E3D643DB9A420A43 /* Pods.xcconfig */;
			buildSettings = {
				ASSETCATALOG_COMPILER_APPICON_NAME = AppIcon;
				ASSETCATALOG_COMPILER_LAUNCHIMAGE_NAME = LaunchImage;
				GCC_PRECOMPILE_PREFIX_HEADER = YES;
				GCC_PREFIX_HEADER = "SingleWide/SingleWide-Prefix.pch";
				INFOPLIST_FILE = "SingleWide/SingleWide-Info.plist";
				PRODUCT_NAME = "$(TARGET_NAME)";
				WRAPPER_EXTENSION = app;
			};
			name = Release;
		};
		D83DBD3B18AB1DF9004E182A /* Debug */ = {
			isa = XCBuildConfiguration;
			buildSettings = {
				ARCHS = "$(ARCHS_STANDARD_INCLUDING_64_BIT)";
				BUNDLE_LOADER = "$(BUILT_PRODUCTS_DIR)/SingleWide.app/SingleWide";
				FRAMEWORK_SEARCH_PATHS = (
					"$(SDKROOT)/Developer/Library/Frameworks",
					"$(inherited)",
					"$(DEVELOPER_FRAMEWORKS_DIR)",
				);
				GCC_PRECOMPILE_PREFIX_HEADER = YES;
				GCC_PREFIX_HEADER = "SingleWide/SingleWide-Prefix.pch";
				GCC_PREPROCESSOR_DEFINITIONS = (
					"DEBUG=1",
					"$(inherited)",
				);
				INFOPLIST_FILE = "SingleWideTests/SingleWideTests-Info.plist";
				PRODUCT_NAME = "$(TARGET_NAME)";
				TEST_HOST = "$(BUNDLE_LOADER)";
				WRAPPER_EXTENSION = xctest;
			};
			name = Debug;
		};
		D83DBD3C18AB1DF9004E182A /* Release */ = {
			isa = XCBuildConfiguration;
			buildSettings = {
				ARCHS = "$(ARCHS_STANDARD_INCLUDING_64_BIT)";
				BUNDLE_LOADER = "$(BUILT_PRODUCTS_DIR)/SingleWide.app/SingleWide";
				FRAMEWORK_SEARCH_PATHS = (
					"$(SDKROOT)/Developer/Library/Frameworks",
					"$(inherited)",
					"$(DEVELOPER_FRAMEWORKS_DIR)",
				);
				GCC_PRECOMPILE_PREFIX_HEADER = YES;
				GCC_PREFIX_HEADER = "SingleWide/SingleWide-Prefix.pch";
				INFOPLIST_FILE = "SingleWideTests/SingleWideTests-Info.plist";
				PRODUCT_NAME = "$(TARGET_NAME)";
				TEST_HOST = "$(BUNDLE_LOADER)";
				WRAPPER_EXTENSION = xctest;
			};
			name = Release;
		};
/* End XCBuildConfiguration section */

/* Begin XCConfigurationList section */
		D83DBD0018AB1DF9004E182A /* Build configuration list for PBXProject "SingleWide" */ = {
			isa = XCConfigurationList;
			buildConfigurations = (
				D83DBD3518AB1DF9004E182A /* Debug */,
				D83DBD3618AB1DF9004E182A /* Release */,
			);
			defaultConfigurationIsVisible = 0;
			defaultConfigurationName = Release;
		};
		D83DBD3718AB1DF9004E182A /* Build configuration list for PBXNativeTarget "SingleWide" */ = {
			isa = XCConfigurationList;
			buildConfigurations = (
				D83DBD3818AB1DF9004E182A /* Debug */,
				D83DBD3918AB1DF9004E182A /* Release */,
			);
			defaultConfigurationIsVisible = 0;
			defaultConfigurationName = Release;
		};
		D83DBD3A18AB1DF9004E182A /* Build configuration list for PBXNativeTarget "SingleWideTests" */ = {
			isa = XCConfigurationList;
			buildConfigurations = (
				D83DBD3B18AB1DF9004E182A /* Debug */,
				D83DBD3C18AB1DF9004E182A /* Release */,
			);
			defaultConfigurationIsVisible = 0;
			defaultConfigurationName = Release;
		};
/* End XCConfigurationList section */

/* Begin XCVersionGroup section */
		D8D6820218B30E0D00D2CF1E /* SingleWide.xcdatamodeld */ = {
			isa = XCVersionGroup;
			children = (
				D8D6820318B30E0D00D2CF1E /* SingleWide.xcdatamodel */,
			);
			currentVersion = D8D6820318B30E0D00D2CF1E /* SingleWide.xcdatamodel */;
			path = SingleWide.xcdatamodeld;
			sourceTree = "<group>";
			versionGroupType = wrapper.xcdatamodel;
		};
/* End XCVersionGroup section */
	};
	rootObject = D83DBCFD18AB1DF9004E182A /* Project object */;
}
